
Microsoft Visual Studio Solution File, Format Version 12.00
# Visual Studio Version 16
VisualStudioVersion = 25.0.1706.12
MinimumVisualStudioVersion = 10.0.40219.1
Project("{FAE04EC0-301F-11D3-BF4B-00C04F79EFBC}") = "testref", "testref\testref.csproj", "{9075F367-5F57-4D38-82F4-A255FC2034A6}"
EndProject
Project("{FAE04EC0-301F-11D3-BF4B-00C04F79EFBC}") = "testout", "testout\testout.csproj", "{7E8A984D-4E22-418F-A46A-7CBFD8C1C403}"
EndProject
Project("{FAE04EC0-301F-11D3-BF4B-00C04F79EFBC}") = "TicTacToe", "TicTacToe\TicTacToe.csproj", "{A97325E7-3891-462A-867E-331626C932A2}"
EndProject
Project("{FAE04EC0-301F-11D3-BF4B-00C04F79EFBC}") = "Phonebook", "Phonebook\Phonebook.csproj", "{5BCE4C6D-6D2F-4AB9-820E-03E38E0DD3A4}"
EndProject
Project("{2150E333-8FDC-42A3-9474-1A3956D46DE8}") = "HomeWork5", "HomeWork5", "{AF752536-1068-40E3-8162-B43F9B7B335F}"
EndProject
Project("{FAE04EC0-301F-11D3-BF4B-00C04F79EFBC}") = "HomeWork5", "HomeWork5\HomeWork5.csproj", "{D6BAA8D3-4C2B-498B-9475-845DC06BC32C}"
EndProject
Global
	GlobalSection(SolutionConfigurationPlatforms) = preSolution
		Debug|Any CPU = Debug|Any CPU
		Release|Any CPU = Release|Any CPU
	EndGlobalSection
	GlobalSection(ProjectConfigurationPlatforms) = postSolution
		{9075F367-5F57-4D38-82F4-A255FC2034A6}.Debug|Any CPU.ActiveCfg = Debug|Any CPU
		{9075F367-5F57-4D38-82F4-A255FC2034A6}.Debug|Any CPU.Build.0 = Debug|Any CPU
		{9075F367-5F57-4D38-82F4-A255FC2034A6}.Release|Any CPU.ActiveCfg = Release|Any CPU
		{9075F367-5F57-4D38-82F4-A255FC2034A6}.Release|Any CPU.Build.0 = Release|Any CPU
		{7E8A984D-4E22-418F-A46A-7CBFD8C1C403}.Debug|Any CPU.ActiveCfg = Debug|Any CPU
		{7E8A984D-4E22-418F-A46A-7CBFD8C1C403}.Debug|Any CPU.Build.0 = Debug|Any CPU
		{7E8A984D-4E22-418F-A46A-7CBFD8C1C403}.Release|Any CPU.ActiveCfg = Release|Any CPU
		{7E8A984D-4E22-418F-A46A-7CBFD8C1C403}.Release|Any CPU.Build.0 = Release|Any CPU
		{A97325E7-3891-462A-867E-331626C932A2}.Debug|Any CPU.ActiveCfg = Debug|Any CPU
		{A97325E7-3891-462A-867E-331626C932A2}.Debug|Any CPU.Build.0 = Debug|Any CPU
		{A97325E7-3891-462A-867E-331626C932A2}.Release|Any CPU.ActiveCfg = Release|Any CPU
		{A97325E7-3891-462A-867E-331626C932A2}.Release|Any CPU.Build.0 = Release|Any CPU
		{5BCE4C6D-6D2F-4AB9-820E-03E38E0DD3A4}.Debug|Any CPU.ActiveCfg = Debug|Any CPU
		{5BCE4C6D-6D2F-4AB9-820E-03E38E0DD3A4}.Debug|Any CPU.Build.0 = Debug|Any CPU
		{5BCE4C6D-6D2F-4AB9-820E-03E38E0DD3A4}.Release|Any CPU.ActiveCfg = Release|Any CPU
		{5BCE4C6D-6D2F-4AB9-820E-03E38E0DD3A4}.Release|Any CPU.Build.0 = Release|Any CPU
		{D6BAA8D3-4C2B-498B-9475-845DC06BC32C}.Debug|Any CPU.ActiveCfg = Debug|Any CPU
		{D6BAA8D3-4C2B-498B-9475-845DC06BC32C}.Debug|Any CPU.Build.0 = Debug|Any CPU
		{D6BAA8D3-4C2B-498B-9475-845DC06BC32C}.Release|Any CPU.ActiveCfg = Release|Any CPU
		{D6BAA8D3-4C2B-498B-9475-845DC06BC32C}.Release|Any CPU.Build.0 = Release|Any CPU
	EndGlobalSection
	GlobalSection(SolutionProperties) = preSolution
		HideSolutionNode = FALSE
	EndGlobalSection
	GlobalSection(ExtensibilityGlobals) = postSolution
		SolutionGuid = {C51CD388-A1DD-43F1-B33D-6EB597A03FA8}
	EndGlobalSection
	GlobalSection(NestedProjects) = preSolution
		{D6BAA8D3-4C2B-498B-9475-845DC06BC32C} = {AF752536-1068-40E3-8162-B43F9B7B335F}
	EndGlobalSection
EndGlobal
